
Microsoft Visual Studio Solution File, Format Version 12.00
# Visual Studio Version 17
VisualStudioVersion = 17.4.33213.308
MinimumVisualStudioVersion = 10.0.40219.1
Project("{FAE04EC0-301F-11D3-BF4B-00C04F79EFBC}") = "DailyDeed.Android", "DailyDeed\DailyDeed.Android\DailyDeed.Android.csproj", "{6574B34F-7102-4499-A612-A3747B4BBD00}"
EndProject
Project("{FAE04EC0-301F-11D3-BF4B-00C04F79EFBC}") = "DailyDeed.iOS", "DailyDeed\DailyDeed.iOS\DailyDeed.iOS.csproj", "{D84C9CDF-A788-403E-BFF6-1AE549272E1B}"
EndProject
Project("{FAE04EC0-301F-11D3-BF4B-00C04F79EFBC}") = "DailyDeed", "DailyDeed\DailyDeed\DailyDeed.csproj", "{3C95C4D1-4E9C-4BA5-8278-65CA6EEC8D91}"
EndProject
Global
	GlobalSection(SolutionConfigurationPlatforms) = preSolution
		Debug|Any CPU = Debug|Any CPU
		Debug|iPhone = Debug|iPhone
		Debug|iPhoneSimulator = Debug|iPhoneSimulator
		Release|Any CPU = Release|Any CPU
		Release|iPhone = Release|iPhone
		Release|iPhoneSimulator = Release|iPhoneSimulator
	EndGlobalSection
	GlobalSection(ProjectConfigurationPlatforms) = postSolution
		{6574B34F-7102-4499-A612-A3747B4BBD00}.Debug|Any CPU.ActiveCfg = Debug|Any CPU
		{6574B34F-7102-4499-A612-A3747B4BBD00}.Debug|Any CPU.Build.0 = Debug|Any CPU
		{6574B34F-7102-4499-A612-A3747B4BBD00}.Debug|Any CPU.Deploy.0 = Debug|Any CPU
		{6574B34F-7102-4499-A612-A3747B4BBD00}.Debug|iPhone.ActiveCfg = Debug|Any CPU
		{6574B34F-7102-4499-A612-A3747B4BBD00}.Debug|iPhone.Build.0 = Debug|Any CPU
		{6574B34F-7102-4499-A612-A3747B4BBD00}.Debug|iPhone.Deploy.0 = Debug|Any CPU
		{6574B34F-7102-4499-A612-A3747B4BBD00}.Debug|iPhoneSimulator.ActiveCfg = Debug|Any CPU
		{6574B34F-7102-4499-A612-A3747B4BBD00}.Debug|iPhoneSimulator.Build.0 = Debug|Any CPU
		{6574B34F-7102-4499-A612-A3747B4BBD00}.Debug|iPhoneSimulator.Deploy.0 = Debug|Any CPU
		{6574B34F-7102-4499-A612-A3747B4BBD00}.Release|Any CPU.ActiveCfg = Release|Any CPU
		{6574B34F-7102-4499-A612-A3747B4BBD00}.Release|Any CPU.Build.0 = Release|Any CPU
		{6574B34F-7102-4499-A612-A3747B4BBD00}.Release|Any CPU.Deploy.0 = Release|Any CPU
		{6574B34F-7102-4499-A612-A3747B4BBD00}.Release|iPhone.ActiveCfg = Release|Any CPU
		{6574B34F-7102-4499-A612-A3747B4BBD00}.Release|iPhone.Build.0 = Release|Any CPU
		{6574B34F-7102-4499-A612-A3747B4BBD00}.Release|iPhone.Deploy.0 = Release|Any CPU
		{6574B34F-7102-4499-A612-A3747B4BBD00}.Release|iPhoneSimulator.ActiveCfg = Release|Any CPU
		{6574B34F-7102-4499-A612-A3747B4BBD00}.Release|iPhoneSimulator.Build.0 = Release|Any CPU
		{6574B34F-7102-4499-A612-A3747B4BBD00}.Release|iPhoneSimulator.Deploy.0 = Release|Any CPU
		{D84C9CDF-A788-403E-BFF6-1AE549272E1B}.Debug|Any CPU.ActiveCfg = Debug|iPhone
		{D84C9CDF-A788-403E-BFF6-1AE549272E1B}.Debug|Any CPU.Build.0 = Debug|iPhone
		{D84C9CDF-A788-403E-BFF6-1AE549272E1B}.Debug|Any CPU.Deploy.0 = Debug|iPhone
		{D84C9CDF-A788-403E-BFF6-1AE549272E1B}.Debug|iPhone.ActiveCfg = Debug|iPhone
		{D84C9CDF-A788-403E-BFF6-1AE549272E1B}.Debug|iPhone.Build.0 = Debug|iPhone
		{D84C9CDF-A788-403E-BFF6-1AE549272E1B}.Debug|iPhone.Deploy.0 = Debug|iPhone
		{D84C9CDF-A788-403E-BFF6-1AE549272E1B}.Debug|iPhoneSimulator.ActiveCfg = Debug|iPhoneSimulator
		{D84C9CDF-A788-403E-BFF6-1AE549272E1B}.Debug|iPhoneSimulator.Build.0 = Debug|iPhoneSimulator
		{D84C9CDF-A788-403E-BFF6-1AE549272E1B}.Debug|iPhoneSimulator.Deploy.0 = Debug|iPhoneSimulator
		{D84C9CDF-A788-403E-BFF6-1AE549272E1B}.Release|Any CPU.ActiveCfg = Release|iPhoneSimulator
		{D84C9CDF-A788-403E-BFF6-1AE549272E1B}.Release|Any CPU.Build.0 = Release|iPhoneSimulator
		{D84C9CDF-A788-403E-BFF6-1AE549272E1B}.Release|Any CPU.Deploy.0 = Release|iPhoneSimulator
		{D84C9CDF-A788-403E-BFF6-1AE549272E1B}.Release|iPhone.ActiveCfg = Release|iPhone
		{D84C9CDF-A788-403E-BFF6-1AE549272E1B}.Release|iPhone.Build.0 = Release|iPhone
		{D84C9CDF-A788-403E-BFF6-1AE549272E1B}.Release|iPhone.Deploy.0 = Release|iPhone
		{D84C9CDF-A788-403E-BFF6-1AE549272E1B}.Release|iPhoneSimulator.ActiveCfg = Release|iPhoneSimulator
		{D84C9CDF-A788-403E-BFF6-1AE549272E1B}.Release|iPhoneSimulator.Build.0 = Release|iPhoneSimulator
		{D84C9CDF-A788-403E-BFF6-1AE549272E1B}.Release|iPhoneSimulator.Deploy.0 = Release|iPhoneSimulator
		{3C95C4D1-4E9C-4BA5-8278-65CA6EEC8D91}.Debug|Any CPU.ActiveCfg = Debug|Any CPU
		{3C95C4D1-4E9C-4BA5-8278-65CA6EEC8D91}.Debug|Any CPU.Build.0 = Debug|Any CPU
		{3C95C4D1-4E9C-4BA5-8278-65CA6EEC8D91}.Debug|Any CPU.Deploy.0 = Debug|Any CPU
		{3C95C4D1-4E9C-4BA5-8278-65CA6EEC8D91}.Debug|iPhone.ActiveCfg = Debug|Any CPU
		{3C95C4D1-4E9C-4BA5-8278-65CA6EEC8D91}.Debug|iPhone.Build.0 = Debug|Any CPU
		{3C95C4D1-4E9C-4BA5-8278-65CA6EEC8D91}.Debug|iPhone.Deploy.0 = Debug|Any CPU
		{3C95C4D1-4E9C-4BA5-8278-65CA6EEC8D91}.Debug|iPhoneSimulator.ActiveCfg = Debug|Any CPU
		{3C95C4D1-4E9C-4BA5-8278-65CA6EEC8D91}.Debug|iPhoneSimulator.Build.0 = Debug|Any CPU
		{3C95C4D1-4E9C-4BA5-8278-65CA6EEC8D91}.Debug|iPhoneSimulator.Deploy.0 = Debug|Any CPU
		{3C95C4D1-4E9C-4BA5-8278-65CA6EEC8D91}.Release|Any CPU.ActiveCfg = Release|Any CPU
		{3C95C4D1-4E9C-4BA5-8278-65CA6EEC8D91}.Release|Any CPU.Build.0 = Release|Any CPU
		{3C95C4D1-4E9C-4BA5-8278-65CA6EEC8D91}.Release|Any CPU.Deploy.0 = Release|Any CPU
		{3C95C4D1-4E9C-4BA5-8278-65CA6EEC8D91}.Release|iPhone.ActiveCfg = Release|Any CPU
		{3C95C4D1-4E9C-4BA5-8278-65CA6EEC8D91}.Release|iPhone.Build.0 = Release|Any CPU
		{3C95C4D1-4E9C-4BA5-8278-65CA6EEC8D91}.Release|iPhone.Deploy.0 = Release|Any CPU
		{3C95C4D1-4E9C-4BA5-8278-65CA6EEC8D91}.Release|iPhoneSimulator.ActiveCfg = Release|Any CPU
		{3C95C4D1-4E9C-4BA5-8278-65CA6EEC8D91}.Release|iPhoneSimulator.Build.0 = Release|Any CPU
		{3C95C4D1-4E9C-4BA5-8278-65CA6EEC8D91}.Release|iPhoneSimulator.Deploy.0 = Release|Any CPU
	EndGlobalSection
	GlobalSection(SolutionProperties) = preSolution
		HideSolutionNode = FALSE
	EndGlobalSection
	GlobalSection(ExtensibilityGlobals) = postSolution
		SolutionGuid = {2BFA0BB4-B4EF-4CAE-BE96-7A26EC7C168E}
	EndGlobalSection
EndGlobal
